
Microsoft Visual Studio Solution File, Format Version 12.00
# Visual Studio Version 17
VisualStudioVersion = 17.8.34525.116
MinimumVisualStudioVersion = 10.0.40219.1
Project("{9A19103F-16F7-4668-BE54-9A1E7A4F7556}") = "DolphinAntyApi", "DolphinAntyApi.csproj", "{696E83F5-EBBB-4803-AC18-5C6DEBE12A9A}"
EndProject
Global
	GlobalSection(SolutionConfigurationPlatforms) = preSolution
		Debug|Any CPU = Debug|Any CPU
		Release|Any CPU = Release|Any CPU
	EndGlobalSection
	GlobalSection(ProjectConfigurationPlatforms) = postSolution
		{696E83F5-EBBB-4803-AC18-5C6DEBE12A9A}.Debug|Any CPU.ActiveCfg = Debug|Any CPU
		{696E83F5-EBBB-4803-AC18-5C6DEBE12A9A}.Debug|Any CPU.Build.0 = Debug|Any CPU
		{696E83F5-EBBB-4803-AC18-5C6DEBE12A9A}.Release|Any CPU.ActiveCfg = Release|Any CPU
		{696E83F5-EBBB-4803-AC18-5C6DEBE12A9A}.Release|Any CPU.Build.0 = Release|Any CPU
	EndGlobalSection
	GlobalSection(SolutionProperties) = preSolution
		HideSolutionNode = FALSE
	EndGlobalSection
	GlobalSection(ExtensibilityGlobals) = postSolution
		SolutionGuid = {B33B65FC-904C-47C9-A7C5-5E136823C9A4}
	EndGlobalSection
EndGlobal
